
Microsoft Visual Studio Solution File, Format Version 12.00
# Visual Studio Version 17
VisualStudioVersion = 17.10.34902.84
MinimumVisualStudioVersion = 10.0.40219.1
Project("{FAE04EC0-301F-11D3-BF4B-00C04F79EFBC}") = "CarShopEF", "CarShopEF\CarShopEF.csproj", "{8A28ADFF-6174-41EB-B472-9AF1E281F964}"
EndProject
Global
	GlobalSection(SolutionConfigurationPlatforms) = preSolution
		Debug|Any CPU = Debug|Any CPU
		Release|Any CPU = Release|Any CPU
	EndGlobalSection
	GlobalSection(ProjectConfigurationPlatforms) = postSolution
		{8A28ADFF-6174-41EB-B472-9AF1E281F964}.Debug|Any CPU.ActiveCfg = Debug|Any CPU
		{8A28ADFF-6174-41EB-B472-9AF1E281F964}.Debug|Any CPU.Build.0 = Debug|Any CPU
		{8A28ADFF-6174-41EB-B472-9AF1E281F964}.Release|Any CPU.ActiveCfg = Release|Any CPU
		{8A28ADFF-6174-41EB-B472-9AF1E281F964}.Release|Any CPU.Build.0 = Release|Any CPU
	EndGlobalSection
	GlobalSection(SolutionProperties) = preSolution
		HideSolutionNode = FALSE
	EndGlobalSection
	GlobalSection(ExtensibilityGlobals) = postSolution
		SolutionGuid = {344647AA-4F06-40AB-BF26-4D03527B463E}
	EndGlobalSection
EndGlobal
